// !$*UTF8*$!
{
	archiveVersion = 1;
	classes = {
	};
	objectVersion = 77;
	objects = {

/* Begin PBXBuildFile section */
		2BB3AB002EDE7251007B4935 /* Assets.xcassets in Resources */ = {isa = PBXBuildFile; fileRef = 2BB3AAF92EDE7251007B4935 /* Assets.xcassets */; };
		2BB3AB012EDE7251007B4935 /* NotificationManager.swift in Sources */ = {isa = PBXBuildFile; fileRef = 2BB3AAF12EDE7251007B4935 /* NotificationManager.swift */; };
		2BB3AB022EDE7251007B4935 /* ContentView.swift in Sources */ = {isa = PBXBuildFile; fileRef = 2BB3AAF42EDE7251007B4935 /* ContentView.swift */; };
		2BB3AB032EDE7251007B4935 /* BlePeripheral.swift in Sources */ = {isa = PBXBuildFile; fileRef = 2BB3AAEC2EDE7251007B4935 /* BlePeripheral.swift */; };
		2BB3AB042EDE7251007B4935 /* CBUUIDs.swift in Sources */ = {isa = PBXBuildFile; fileRef = 2BB3AAEF2EDE7251007B4935 /* CBUUIDs.swift */; };
		2BB3AB052EDE7251007B4935 /* HomeView.swift in Sources */ = {isa = PBXBuildFile; fileRef = 2BB3AAFB2EDE7251007B4935 /* HomeView.swift */; };
		2BB3AB092EDE7251007B4935 /* BluetoothManager.swift in Sources */ = {isa = PBXBuildFile; fileRef = 2BB3AAED2EDE7251007B4935 /* BluetoothManager.swift */; };
		2BB3AB0A2EDE7251007B4935 /* BluetoothView.swift in Sources */ = {isa = PBXBuildFile; fileRef = 2BB3AAEE2EDE7251007B4935 /* BluetoothView.swift */; };
		2BB3AB0B2EDE7251007B4935 /* DataView.swift in Sources */ = {isa = PBXBuildFile; fileRef = 2BB3AAF52EDE7251007B4935 /* DataView.swift */; };
		2BB3AB0C2EDE7251007B4935 /* LymphaSenseApp.swift in Sources */ = {isa = PBXBuildFile; fileRef = 2BB3AAFC2EDE7251007B4935 /* LymphaSenseApp.swift */; };
		2BB3AB0D2EDE7251007B4935 /* ProfileView.swift in Sources */ = {isa = PBXBuildFile; fileRef = 2BB3AAF72EDE7251007B4935 /* ProfileView.swift */; };
		2BB3AB0E2EDE7251007B4935 /* TrendsView.swift in Sources */ = {isa = PBXBuildFile; fileRef = 2BB3AAFE2EDE7251007B4935 /* TrendsView.swift */; };
		2BB3AB0F2EDE7251007B4935 /* MainTabView.swift in Sources */ = {isa = PBXBuildFile; fileRef = 2BB3AAF62EDE7251007B4935 /* MainTabView.swift */; };
/* End PBXBuildFile section */

/* Begin PBXFileReference section */
		2B2DFC362EDE8A8F002EC54D /* AMAL.entitlements */ = {isa = PBXFileReference; lastKnownFileType = text.plist.entitlements; path = AMAL.entitlements; sourceTree = "<group>"; };
		2B2DFC372EDE9B8C002EC54D /* Info.plist */ = {isa = PBXFileReference; lastKnownFileType = text.plist; path = Info.plist; sourceTree = "<group>"; };
		2BA17ED72EB020B6004164E9 /* LymphaSense.app */ = {isa = PBXFileReference; explicitFileType = wrapper.application; includeInIndex = 0; path = LymphaSense.app; sourceTree = BUILT_PRODUCTS_DIR; };
		2BB3AAEC2EDE7251007B4935 /* BlePeripheral.swift */ = {isa = PBXFileReference; lastKnownFileType = sourcecode.swift; path = BlePeripheral.swift; sourceTree = "<group>"; };
		2BB3AAED2EDE7251007B4935 /* BluetoothManager.swift */ = {isa = PBXFileReference; lastKnownFileType = sourcecode.swift; path = BluetoothManager.swift; sourceTree = "<group>"; };
		2BB3AAEE2EDE7251007B4935 /* BluetoothView.swift */ = {isa = PBXFileReference; lastKnownFileType = sourcecode.swift; path = BluetoothView.swift; sourceTree = "<group>"; };
		2BB3AAEF2EDE7251007B4935 /* CBUUIDs.swift */ = {isa = PBXFileReference; lastKnownFileType = sourcecode.swift; path = CBUUIDs.swift; sourceTree = "<group>"; };
		2BB3AAF12EDE7251007B4935 /* NotificationManager.swift */ = {isa = PBXFileReference; lastKnownFileType = sourcecode.swift; path = NotificationManager.swift; sourceTree = "<group>"; };
		2BB3AAF42EDE7251007B4935 /* ContentView.swift */ = {isa = PBXFileReference; lastKnownFileType = sourcecode.swift; path = ContentView.swift; sourceTree = "<group>"; };
		2BB3AAF52EDE7251007B4935 /* DataView.swift */ = {isa = PBXFileReference; lastKnownFileType = sourcecode.swift; path = DataView.swift; sourceTree = "<group>"; };
		2BB3AAF62EDE7251007B4935 /* MainTabView.swift */ = {isa = PBXFileReference; lastKnownFileType = sourcecode.swift; path = MainTabView.swift; sourceTree = "<group>"; };
		2BB3AAF72EDE7251007B4935 /* ProfileView.swift */ = {isa = PBXFileReference; lastKnownFileType = sourcecode.swift; path = ProfileView.swift; sourceTree = "<group>"; };
		2BB3AAF92EDE7251007B4935 /* Assets.xcassets */ = {isa = PBXFileReference; lastKnownFileType = folder.assetcatalog; path = Assets.xcassets; sourceTree = "<group>"; };
		2BB3AAFB2EDE7251007B4935 /* HomeView.swift */ = {isa = PBXFileReference; lastKnownFileType = sourcecode.swift; path = HomeView.swift; sourceTree = "<group>"; };
		2BB3AAFC2EDE7251007B4935 /* LymphaSenseApp.swift */ = {isa = PBXFileReference; lastKnownFileType = sourcecode.swift; path = LymphaSenseApp.swift; sourceTree = "<group>"; };
		2BB3AAFE2EDE7251007B4935 /* TrendsView.swift */ = {isa = PBXFileReference; lastKnownFileType = sourcecode.swift; path = TrendsView.swift; sourceTree = "<group>"; };
/* End PBXFileReference section */

/* Begin PBXFrameworksBuildPhase section */
		2BA17ED42EB020B6004164E9 /* Frameworks */ = {
			isa = PBXFrameworksBuildPhase;
			buildActionMask = 2147483647;
			files = (
			);
			runOnlyForDeploymentPostprocessing = 0;
		};
/* End PBXFrameworksBuildPhase section */

/* Begin PBXGroup section */
		2BA17ECE2EB020B6004164E9 = {
			isa = PBXGroup;
			children = (
				2B2DFC362EDE8A8F002EC54D /* AMAL.entitlements */,
				2BB3AAFF2EDE7251007B4935 /* LymphaSense */,
				2BA17ED82EB020B6004164E9 /* Products */,
			);
			sourceTree = "<group>";
		};
		2BA17ED82EB020B6004164E9 /* Products */ = {
			isa = PBXGroup;
			children = (
				2BA17ED72EB020B6004164E9 /* LymphaSense.app */,
			);
			name = Products;
			sourceTree = "<group>";
		};
		2BB3AAF02EDE7251007B4935 /* Bluetooth */ = {
			isa = PBXGroup;
			children = (
				2BB3AAEC2EDE7251007B4935 /* BlePeripheral.swift */,
				2BB3AAED2EDE7251007B4935 /* BluetoothManager.swift */,
				2BB3AAEE2EDE7251007B4935 /* BluetoothView.swift */,
				2BB3AAEF2EDE7251007B4935 /* CBUUIDs.swift */,
			);
			path = Bluetooth;
			sourceTree = "<group>";
		};
		2BB3AAF22EDE7251007B4935 /* Notifications */ = {
			isa = PBXGroup;
			children = (
				2BB3AAF12EDE7251007B4935 /* NotificationManager.swift */,
			);
			path = Notifications;
			sourceTree = "<group>";
		};
		2BB3AAF82EDE7251007B4935 /* View */ = {
			isa = PBXGroup;
			children = (
				2BB3AAF42EDE7251007B4935 /* ContentView.swift */,
				2BB3AAF52EDE7251007B4935 /* DataView.swift */,
				2BB3AAFE2EDE7251007B4935 /* TrendsView.swift */,
				2BB3AAFB2EDE7251007B4935 /* HomeView.swift */,
				2BB3AAF62EDE7251007B4935 /* MainTabView.swift */,
				2BB3AAF72EDE7251007B4935 /* ProfileView.swift */,
			);
			path = View;
			sourceTree = "<group>";
		};
		2BB3AAFF2EDE7251007B4935 /* LymphaSense */ = {
			isa = PBXGroup;
			children = (
				2B2DFC372EDE9B8C002EC54D /* Info.plist */,
				2BB3AAF02EDE7251007B4935 /* Bluetooth */,
				2BB3AAF22EDE7251007B4935 /* Notifications */,
				2BB3AAF82EDE7251007B4935 /* View */,
				2BB3AAF92EDE7251007B4935 /* Assets.xcassets */,
				2BB3AAFC2EDE7251007B4935 /* LymphaSenseApp.swift */,
			);
			path = LymphaSense;
			sourceTree = "<group>";
		};
/* End PBXGroup section */

/* Begin PBXNativeTarget section */
		2BA17ED62EB020B6004164E9 /* LymphaSense */ = {
			isa = PBXNativeTarget;
			buildConfigurationList = 2BA17EE22EB020B8004164E9 /* Build configuration list for PBXNativeTarget "LymphaSense" */;
			buildPhases = (
				2BA17ED32EB020B6004164E9 /* Sources */,
				2BA17ED42EB020B6004164E9 /* Frameworks */,
				2BA17ED52EB020B6004164E9 /* Resources */,
			);
			buildRules = (
			);
			dependencies = (
			);
			name = LymphaSense;
			packageProductDependencies = (
			);
			productName = AMAL;
			productReference = 2BA17ED72EB020B6004164E9 /* LymphaSense.app */;
			productType = "com.apple.product-type.application";
		};
/* End PBXNativeTarget section */

/* Begin PBXProject section */
		2BA17ECF2EB020B6004164E9 /* Project object */ = {
			isa = PBXProject;
			attributes = {
				BuildIndependentTargetsInParallel = 1;
				LastSwiftUpdateCheck = 2600;
				LastUpgradeCheck = 2600;
				TargetAttributes = {
					2BA17ED62EB020B6004164E9 = {
						CreatedOnToolsVersion = 26.0.1;
					};
				};
			};
			buildConfigurationList = 2BA17ED22EB020B6004164E9 /* Build configuration list for PBXProject "LymphaSense" */;
			developmentRegion = en;
			hasScannedForEncodings = 0;
			knownRegions = (
				en,
				Base,
			);
			mainGroup = 2BA17ECE2EB020B6004164E9;
			minimizedProjectReferenceProxies = 1;
			preferredProjectObjectVersion = 77;
			productRefGroup = 2BA17ED82EB020B6004164E9 /* Products */;
			projectDirPath = "";
			projectRoot = "";
			targets = (
				2BA17ED62EB020B6004164E9 /* LymphaSense */,
			);
		};
/* End PBXProject section */

/* Begin PBXResourcesBuildPhase section */
		2BA17ED52EB020B6004164E9 /* Resources */ = {
			isa = PBXResourcesBuildPhase;
			buildActionMask = 2147483647;
			files = (
				2BB3AB002EDE7251007B4935 /* Assets.xcassets in Resources */,
			);
			runOnlyForDeploymentPostprocessing = 0;
		};
/* End PBXResourcesBuildPhase section */

/* Begin PBXSourcesBuildPhase section */
		2BA17ED32EB020B6004164E9 /* Sources */ = {
			isa = PBXSourcesBuildPhase;
			buildActionMask = 2147483647;
			files = (
				2BB3AB012EDE7251007B4935 /* NotificationManager.swift in Sources */,
				2BB3AB022EDE7251007B4935 /* ContentView.swift in Sources */,
				2BB3AB032EDE7251007B4935 /* BlePeripheral.swift in Sources */,
				2BB3AB042EDE7251007B4935 /* CBUUIDs.swift in Sources */,
				2BB3AB052EDE7251007B4935 /* HomeView.swift in Sources */,
				2BB3AB092EDE7251007B4935 /* BluetoothManager.swift in Sources */,
				2BB3AB0A2EDE7251007B4935 /* BluetoothView.swift in Sources */,
				2BB3AB0B2EDE7251007B4935 /* DataView.swift in Sources */,
				2BB3AB0C2EDE7251007B4935 /* LymphaSenseApp.swift in Sources */,
				2BB3AB0D2EDE7251007B4935 /* ProfileView.swift in Sources */,
				2BB3AB0E2EDE7251007B4935 /* TrendsView.swift in Sources */,
				2BB3AB0F2EDE7251007B4935 /* MainTabView.swift in Sources */,
			);
			runOnlyForDeploymentPostprocessing = 0;
		};
/* End PBXSourcesBuildPhase section */

/* Begin XCBuildConfiguration section */
		2BA17EE02EB020B8004164E9 /* Debug */ = {
			isa = XCBuildConfiguration;
			buildSettings = {
				ALWAYS_SEARCH_USER_PATHS = NO;
				ASSETCATALOG_COMPILER_GENERATE_SWIFT_ASSET_SYMBOL_EXTENSIONS = YES;
				CLANG_ANALYZER_NONNULL = YES;
				CLANG_ANALYZER_NUMBER_OBJECT_CONVERSION = YES_AGGRESSIVE;
				CLANG_CXX_LANGUAGE_STANDARD = "gnu++20";
				CLANG_ENABLE_MODULES = YES;
				CLANG_ENABLE_OBJC_ARC = YES;
				CLANG_ENABLE_OBJC_WEAK = YES;
				CLANG_WARN_BLOCK_CAPTURE_AUTORELEASING = YES;
				CLANG_WARN_BOOL_CONVERSION = YES;
				CLANG_WARN_COMMA = YES;
				CLANG_WARN_CONSTANT_CONVERSION = YES;
				CLANG_WARN_DEPRECATED_OBJC_IMPLEMENTATIONS = YES;
				CLANG_WARN_DIRECT_OBJC_ISA_USAGE = YES_ERROR;
				CLANG_WARN_DOCUMENTATION_COMMENTS = YES;
				CLANG_WARN_EMPTY_BODY = YES;
				CLANG_WARN_ENUM_CONVERSION = YES;
				CLANG_WARN_INFINITE_RECURSION = YES;
				CLANG_WARN_INT_CONVERSION = YES;
				CLANG_WARN_NON_LITERAL_NULL_CONVERSION = YES;
				CLANG_WARN_OBJC_IMPLICIT_RETAIN_SELF = YES;
				CLANG_WARN_OBJC_LITERAL_CONVERSION = YES;
				CLANG_WARN_OBJC_ROOT_CLASS = YES_ERROR;
				CLANG_WARN_QUOTED_INCLUDE_IN_FRAMEWORK_HEADER = YES;
				CLANG_WARN_RANGE_LOOP_ANALYSIS = YES;
				CLANG_WARN_STRICT_PROTOTYPES = YES;
				CLANG_WARN_SUSPICIOUS_MOVE = YES;
				CLANG_WARN_UNGUARDED_AVAILABILITY = YES_AGGRESSIVE;
				CLANG_WARN_UNREACHABLE_CODE = YES;
				CLANG_WARN__DUPLICATE_METHOD_MATCH = YES;
				COPY_PHASE_STRIP = NO;
				DEBUG_INFORMATION_FORMAT = dwarf;
				DEVELOPMENT_TEAM = CL822N2Q74;
				ENABLE_STRICT_OBJC_MSGSEND = YES;
				ENABLE_TESTABILITY = YES;
				ENABLE_USER_SCRIPT_SANDBOXING = YES;
				GCC_C_LANGUAGE_STANDARD = gnu17;
				GCC_DYNAMIC_NO_PIC = NO;
				GCC_NO_COMMON_BLOCKS = YES;
				GCC_OPTIMIZATION_LEVEL = 0;
				GCC_PREPROCESSOR_DEFINITIONS = (
					"DEBUG=1",
					"$(inherited)",
				);
				GCC_WARN_64_TO_32_BIT_CONVERSION = YES;
				GCC_WARN_ABOUT_RETURN_TYPE = YES_ERROR;
				GCC_WARN_UNDECLARED_SELECTOR = YES;
				GCC_WARN_UNINITIALIZED_AUTOS = YES_AGGRESSIVE;
				GCC_WARN_UNUSED_FUNCTION = YES;
				GCC_WARN_UNUSED_VARIABLE = YES;
				LOCALIZATION_PREFERS_STRING_CATALOGS = YES;
				MTL_ENABLE_DEBUG_INFO = INCLUDE_SOURCE;
				MTL_FAST_MATH = YES;
				ONLY_ACTIVE_ARCH = YES;
				SWIFT_ACTIVE_COMPILATION_CONDITIONS = "DEBUG $(inherited)";
				SWIFT_OPTIMIZATION_LEVEL = "-Onone";
			};
			name = Debug;
		};
		2BA17EE12EB020B8004164E9 /* Release */ = {
			isa = XCBuildConfiguration;
			buildSettings = {
				ALWAYS_SEARCH_USER_PATHS = NO;
				ASSETCATALOG_COMPILER_GENERATE_SWIFT_ASSET_SYMBOL_EXTENSIONS = YES;
				CLANG_ANALYZER_NONNULL = YES;
				CLANG_ANALYZER_NUMBER_OBJECT_CONVERSION = YES_AGGRESSIVE;
				CLANG_CXX_LANGUAGE_STANDARD = "gnu++20";
				CLANG_ENABLE_MODULES = YES;
				CLANG_ENABLE_OBJC_ARC = YES;
				CLANG_ENABLE_OBJC_WEAK = YES;
				CLANG_WARN_BLOCK_CAPTURE_AUTORELEASING = YES;
				CLANG_WARN_BOOL_CONVERSION = YES;
				CLANG_WARN_COMMA = YES;
				CLANG_WARN_CONSTANT_CONVERSION = YES;
				CLANG_WARN_DEPRECATED_OBJC_IMPLEMENTATIONS = YES;
				CLANG_WARN_DIRECT_OBJC_ISA_USAGE = YES_ERROR;
				CLANG_WARN_DOCUMENTATION_COMMENTS = YES;
				CLANG_WARN_EMPTY_BODY = YES;
				CLANG_WARN_ENUM_CONVERSION = YES;
				CLANG_WARN_INFINITE_RECURSION = YES;
				CLANG_WARN_INT_CONVERSION = YES;
				CLANG_WARN_NON_LITERAL_NULL_CONVERSION = YES;
				CLANG_WARN_OBJC_IMPLICIT_RETAIN_SELF = YES;
				CLANG_WARN_OBJC_LITERAL_CONVERSION = YES;
				CLANG_WARN_OBJC_ROOT_CLASS = YES_ERROR;
				CLANG_WARN_QUOTED_INCLUDE_IN_FRAMEWORK_HEADER = YES;
				CLANG_WARN_RANGE_LOOP_ANALYSIS = YES;
				CLANG_WARN_STRICT_PROTOTYPES = YES;
				CLANG_WARN_SUSPICIOUS_MOVE = YES;
				CLANG_WARN_UNGUARDED_AVAILABILITY = YES_AGGRESSIVE;
				CLANG_WARN_UNREACHABLE_CODE = YES;
				CLANG_WARN__DUPLICATE_METHOD_MATCH = YES;
				COPY_PHASE_STRIP = NO;
				DEBUG_INFORMATION_FORMAT = "dwarf-with-dsym";
				DEVELOPMENT_TEAM = CL822N2Q74;
				ENABLE_NS_ASSERTIONS = NO;
				ENABLE_STRICT_OBJC_MSGSEND = YES;
				ENABLE_USER_SCRIPT_SANDBOXING = YES;
				GCC_C_LANGUAGE_STANDARD = gnu17;
				GCC_NO_COMMON_BLOCKS = YES;
				GCC_WARN_64_TO_32_BIT_CONVERSION = YES;
				GCC_WARN_ABOUT_RETURN_TYPE = YES_ERROR;
				GCC_WARN_UNDECLARED_SELECTOR = YES;
				GCC_WARN_UNINITIALIZED_AUTOS = YES_AGGRESSIVE;
				GCC_WARN_UNUSED_FUNCTION = YES;
				GCC_WARN_UNUSED_VARIABLE = YES;
				LOCALIZATION_PREFERS_STRING_CATALOGS = YES;
				MTL_ENABLE_DEBUG_INFO = NO;
				MTL_FAST_MATH = YES;
				SWIFT_COMPILATION_MODE = wholemodule;
			};
			name = Release;
		};
		2BA17EE32EB020B8004164E9 /* Debug */ = {
			isa = XCBuildConfiguration;
			buildSettings = {
				ASSETCATALOG_COMPILER_APPICON_NAME = AppIcon;
				ASSETCATALOG_COMPILER_GLOBAL_ACCENT_COLOR_NAME = AccentColor;
				CODE_SIGN_ENTITLEMENTS = AMAL.entitlements;
				"CODE_SIGN_IDENTITY[sdk=macosx*]" = "Apple Development";
				CODE_SIGN_STYLE = Automatic;
				CURRENT_PROJECT_VERSION = 1;
				DEVELOPMENT_TEAM = CL822N2Q74;
				ENABLE_APP_SANDBOX = YES;
				ENABLE_HARDENED_RUNTIME = YES;
				ENABLE_INCOMING_NETWORK_CONNECTIONS = NO;
				ENABLE_OUTGOING_NETWORK_CONNECTIONS = NO;
				ENABLE_PREVIEWS = YES;
				ENABLE_RESOURCE_ACCESS_AUDIO_INPUT = NO;
				ENABLE_RESOURCE_ACCESS_BLUETOOTH = YES;
				ENABLE_RESOURCE_ACCESS_CALENDARS = NO;
				ENABLE_RESOURCE_ACCESS_CAMERA = NO;
				ENABLE_RESOURCE_ACCESS_CONTACTS = NO;
				ENABLE_RESOURCE_ACCESS_LOCATION = NO;
				ENABLE_RESOURCE_ACCESS_PRINTING = NO;
				ENABLE_RESOURCE_ACCESS_USB = YES;
				ENABLE_USER_SELECTED_FILES = readonly;
				GENERATE_INFOPLIST_FILE = YES;
				INFOPLIST_FILE = LymphaSense/Info.plist;
				INFOPLIST_KEY_NSBluetoothAlwaysUsageDescription = "Bluetooth functionality for health monitoring.";
				INFOPLIST_KEY_NSBluetoothWhileInUseUsageDescription = "";
				"INFOPLIST_KEY_UIApplicationSceneManifest_Generation[sdk=iphoneos*]" = YES;
				"INFOPLIST_KEY_UIApplicationSceneManifest_Generation[sdk=iphonesimulator*]" = YES;
				"INFOPLIST_KEY_UIApplicationSupportsIndirectInputEvents[sdk=iphoneos*]" = YES;
				"INFOPLIST_KEY_UIApplicationSupportsIndirectInputEvents[sdk=iphonesimulator*]" = YES;
				"INFOPLIST_KEY_UILaunchScreen_Generation[sdk=iphoneos*]" = YES;
				"INFOPLIST_KEY_UILaunchScreen_Generation[sdk=iphonesimulator*]" = YES;
				"INFOPLIST_KEY_UIStatusBarStyle[sdk=iphoneos*]" = UIStatusBarStyleDefault;
				"INFOPLIST_KEY_UIStatusBarStyle[sdk=iphonesimulator*]" = UIStatusBarStyleDefault;
				INFOPLIST_KEY_UISupportedInterfaceOrientations_iPad = "UIInterfaceOrientationPortrait UIInterfaceOrientationPortraitUpsideDown UIInterfaceOrientationLandscapeLeft UIInterfaceOrientationLandscapeRight";
				INFOPLIST_KEY_UISupportedInterfaceOrientations_iPhone = "UIInterfaceOrientationPortrait UIInterfaceOrientationLandscapeLeft UIInterfaceOrientationLandscapeRight";
				IPHONEOS_DEPLOYMENT_TARGET = 26.0;
				LD_RUNPATH_SEARCH_PATHS = "@executable_path/Frameworks";
				"LD_RUNPATH_SEARCH_PATHS[sdk=macosx*]" = "@executable_path/../Frameworks";
				MACOSX_DEPLOYMENT_TARGET = 26.0;
				MARKETING_VERSION = 1.0;
				PRODUCT_BUNDLE_IDENTIFIER = name.lfabricant.LymphaSense;
				PRODUCT_NAME = "$(TARGET_NAME)";
				REGISTER_APP_GROUPS = YES;
				SDKROOT = auto;
				STRING_CATALOG_GENERATE_SYMBOLS = YES;
				SUPPORTED_PLATFORMS = "iphoneos iphonesimulator macosx xros xrsimulator";
				SWIFT_APPROACHABLE_CONCURRENCY = YES;
				SWIFT_DEFAULT_ACTOR_ISOLATION = MainActor;
				SWIFT_EMIT_LOC_STRINGS = YES;
				SWIFT_UPCOMING_FEATURE_MEMBER_IMPORT_VISIBILITY = YES;
				SWIFT_VERSION = 5.0;
				TARGETED_DEVICE_FAMILY = "1,2,7";
				XROS_DEPLOYMENT_TARGET = 26.0;
			};
			name = Debug;
		};
		2BA17EE42EB020B8004164E9 /* Release */ = {
			isa = XCBuildConfiguration;
			buildSettings = {
				ASSETCATALOG_COMPILER_APPICON_NAME = AppIcon;
				ASSETCATALOG_COMPILER_GLOBAL_ACCENT_COLOR_NAME = AccentColor;
				CODE_SIGN_ENTITLEMENTS = AMAL.entitlements;
				"CODE_SIGN_IDENTITY[sdk=macosx*]" = "Apple Development";
				CODE_SIGN_STYLE = Automatic;
				CURRENT_PROJECT_VERSION = 1;
				DEVELOPMENT_TEAM = CL822N2Q74;
				ENABLE_APP_SANDBOX = YES;
				ENABLE_HARDENED_RUNTIME = YES;
				ENABLE_INCOMING_NETWORK_CONNECTIONS = NO;
				ENABLE_OUTGOING_NETWORK_CONNECTIONS = NO;
				ENABLE_PREVIEWS = YES;
				ENABLE_RESOURCE_ACCESS_AUDIO_INPUT = NO;
				ENABLE_RESOURCE_ACCESS_BLUETOOTH = YES;
				ENABLE_RESOURCE_ACCESS_CALENDARS = NO;
				ENABLE_RESOURCE_ACCESS_CAMERA = NO;
				ENABLE_RESOURCE_ACCESS_CONTACTS = NO;
				ENABLE_RESOURCE_ACCESS_LOCATION = NO;
				ENABLE_RESOURCE_ACCESS_PRINTING = NO;
				ENABLE_RESOURCE_ACCESS_USB = YES;
				ENABLE_USER_SELECTED_FILES = readonly;
				GENERATE_INFOPLIST_FILE = YES;
				INFOPLIST_FILE = LymphaSense/Info.plist;
				INFOPLIST_KEY_NSBluetoothAlwaysUsageDescription = "Bluetooth functionality for health monitoring.";
				INFOPLIST_KEY_NSBluetoothWhileInUseUsageDescription = "";
				"INFOPLIST_KEY_UIApplicationSceneManifest_Generation[sdk=iphoneos*]" = YES;
				"INFOPLIST_KEY_UIApplicationSceneManifest_Generation[sdk=iphonesimulator*]" = YES;
				"INFOPLIST_KEY_UIApplicationSupportsIndirectInputEvents[sdk=iphoneos*]" = YES;
				"INFOPLIST_KEY_UIApplicationSupportsIndirectInputEvents[sdk=iphonesimulator*]" = YES;
				"INFOPLIST_KEY_UILaunchScreen_Generation[sdk=iphoneos*]" = YES;
				"INFOPLIST_KEY_UILaunchScreen_Generation[sdk=iphonesimulator*]" = YES;
				"INFOPLIST_KEY_UIStatusBarStyle[sdk=iphoneos*]" = UIStatusBarStyleDefault;
				"INFOPLIST_KEY_UIStatusBarStyle[sdk=iphonesimulator*]" = UIStatusBarStyleDefault;
				INFOPLIST_KEY_UISupportedInterfaceOrientations_iPad = "UIInterfaceOrientationPortrait UIInterfaceOrientationPortraitUpsideDown UIInterfaceOrientationLandscapeLeft UIInterfaceOrientationLandscapeRight";
				INFOPLIST_KEY_UISupportedInterfaceOrientations_iPhone = "UIInterfaceOrientationPortrait UIInterfaceOrientationLandscapeLeft UIInterfaceOrientationLandscapeRight";
				IPHONEOS_DEPLOYMENT_TARGET = 26.0;
				LD_RUNPATH_SEARCH_PATHS = "@executable_path/Frameworks";
				"LD_RUNPATH_SEARCH_PATHS[sdk=macosx*]" = "@executable_path/../Frameworks";
				MACOSX_DEPLOYMENT_TARGET = 26.0;
				MARKETING_VERSION = 1.0;
				PRODUCT_BUNDLE_IDENTIFIER = name.lfabricant.LymphaSense;
				PRODUCT_NAME = "$(TARGET_NAME)";
				REGISTER_APP_GROUPS = YES;
				SDKROOT = auto;
				STRING_CATALOG_GENERATE_SYMBOLS = YES;
				SUPPORTED_PLATFORMS = "iphoneos iphonesimulator macosx xros xrsimulator";
				SWIFT_APPROACHABLE_CONCURRENCY = YES;
				SWIFT_DEFAULT_ACTOR_ISOLATION = MainActor;
				SWIFT_EMIT_LOC_STRINGS = YES;
				SWIFT_UPCOMING_FEATURE_MEMBER_IMPORT_VISIBILITY = YES;
				SWIFT_VERSION = 5.0;
				TARGETED_DEVICE_FAMILY = "1,2,7";
				XROS_DEPLOYMENT_TARGET = 26.0;
			};
			name = Release;
		};
/* End XCBuildConfiguration section */

/* Begin XCConfigurationList section */
		2BA17ED22EB020B6004164E9 /* Build configuration list for PBXProject "LymphaSense" */ = {
			isa = XCConfigurationList;
			buildConfigurations = (
				2BA17EE02EB020B8004164E9 /* Debug */,
				2BA17EE12EB020B8004164E9 /* Release */,
			);
			defaultConfigurationIsVisible = 0;
			defaultConfigurationName = Release;
		};
		2BA17EE22EB020B8004164E9 /* Build configuration list for PBXNativeTarget "LymphaSense" */ = {
			isa = XCConfigurationList;
			buildConfigurations = (
				2BA17EE32EB020B8004164E9 /* Debug */,
				2BA17EE42EB020B8004164E9 /* Release */,
			);
			defaultConfigurationIsVisible = 0;
			defaultConfigurationName = Release;
		};
/* End XCConfigurationList section */
	};
	rootObject = 2BA17ECF2EB020B6004164E9 /* Project object */;
}
